
Microsoft Visual Studio Solution File, Format Version 12.00
# Visual Studio Version 17
VisualStudioVersion = 17.7.34202.233
MinimumVisualStudioVersion = 10.0.40219.1
Project("{2150E333-8FDC-42A3-9474-1A3956D46DE8}") = "src", "src", "{BCED0811-9E4F-4034-B297-D21311F81F98}"
EndProject
Project("{9A19103F-16F7-4668-BE54-9A1E7A4F7556}") = "neoxp", "src\neoxp\neoxp.csproj", "{986BE47B-F7EF-4FE1-A0BF-42D81D9FBC59}"
EndProject
Project("{9A19103F-16F7-4668-BE54-9A1E7A4F7556}") = "neotrace", "src\trace\neotrace.csproj", "{C6E71FEE-8BE0-42AF-AE03-C4523F2C1213}"
EndProject
Project("{9A19103F-16F7-4668-BE54-9A1E7A4F7556}") = "neoworknet", "src\worknet\neoworknet.csproj", "{32D83A19-F910-42F6-9DEC-73902DE7B92A}"
EndProject
Project("{2150E333-8FDC-42A3-9474-1A3956D46DE8}") = "build", "build", "{CEC93D42-4783-41C5-B638-5ACE0AF9ED19}"
	ProjectSection(SolutionItems) = preProject
		src\Directory.Build.props = src\Directory.Build.props
	EndProjectSection
EndProject
Project("{9A19103F-16F7-4668-BE54-9A1E7A4F7556}") = "bctklib", "src\bctklib\bctklib.csproj", "{7DEC97E1-E473-4BFA-8607-044CF496C253}"
EndProject
Project("{2150E333-8FDC-42A3-9474-1A3956D46DE8}") = "test", "test", "{24ECF210-FA12-4121-98DA-A18BE75219C6}"
EndProject
Project("{9A19103F-16F7-4668-BE54-9A1E7A4F7556}") = "test.bctklib", "test\test.bctklib\test.bctklib.csproj", "{2E0DB8B8-F8C2-4DE7-94B3-C796CA807833}"
EndProject
Project("{9A19103F-16F7-4668-BE54-9A1E7A4F7556}") = "assertions", "src\assertions\assertions.csproj", "{0D8EF5FC-B614-40B5-83B5-607437D1BBE7}"
EndProject
Project("{9A19103F-16F7-4668-BE54-9A1E7A4F7556}") = "build-tasks", "src\build-tasks\build-tasks.csproj", "{44374C0B-6B00-445F-97C5-AA0A3F30E254}"
EndProject
Project("{9A19103F-16F7-4668-BE54-9A1E7A4F7556}") = "collector", "src\collector\collector.csproj", "{00232CBA-3D72-4F6B-BFA5-8F185402D168}"
EndProject
Project("{9A19103F-16F7-4668-BE54-9A1E7A4F7556}") = "runner", "src\runner\runner.csproj", "{4AAF7D2F-0C2D-4DA8-A81D-8D7008EFBA96}"
EndProject
Project("{9A19103F-16F7-4668-BE54-9A1E7A4F7556}") = "test-harness", "src\test-harness\test-harness.csproj", "{8855D899-DA70-40E5-BA0B-DF5BC36D9D37}"
EndProject
Project("{9A19103F-16F7-4668-BE54-9A1E7A4F7556}") = "test-build-tasks", "test\test-build-tasks\test-build-tasks.csproj", "{366648BC-0003-419F-9C20-2FCD63FF4A77}"
EndProject
Project("{9A19103F-16F7-4668-BE54-9A1E7A4F7556}") = "test-collector", "test\test-collector\test-collector.csproj", "{A2003459-18D0-43BD-8CB9-CE3FA497A66B}"
EndProject
Global
	GlobalSection(SolutionConfigurationPlatforms) = preSolution
		Debug|Any CPU = Debug|Any CPU
		Release|Any CPU = Release|Any CPU
	EndGlobalSection
	GlobalSection(ProjectConfigurationPlatforms) = postSolution
		{986BE47B-F7EF-4FE1-A0BF-42D81D9FBC59}.Debug|Any CPU.ActiveCfg = Debug|Any CPU
		{986BE47B-F7EF-4FE1-A0BF-42D81D9FBC59}.Debug|Any CPU.Build.0 = Debug|Any CPU
		{986BE47B-F7EF-4FE1-A0BF-42D81D9FBC59}.Release|Any CPU.ActiveCfg = Release|Any CPU
		{986BE47B-F7EF-4FE1-A0BF-42D81D9FBC59}.Release|Any CPU.Build.0 = Release|Any CPU
		{C6E71FEE-8BE0-42AF-AE03-C4523F2C1213}.Debug|Any CPU.ActiveCfg = Debug|Any CPU
		{C6E71FEE-8BE0-42AF-AE03-C4523F2C1213}.Debug|Any CPU.Build.0 = Debug|Any CPU
		{C6E71FEE-8BE0-42AF-AE03-C4523F2C1213}.Release|Any CPU.ActiveCfg = Release|Any CPU
		{C6E71FEE-8BE0-42AF-AE03-C4523F2C1213}.Release|Any CPU.Build.0 = Release|Any CPU
		{32D83A19-F910-42F6-9DEC-73902DE7B92A}.Debug|Any CPU.ActiveCfg = Debug|Any CPU
		{32D83A19-F910-42F6-9DEC-73902DE7B92A}.Debug|Any CPU.Build.0 = Debug|Any CPU
		{32D83A19-F910-42F6-9DEC-73902DE7B92A}.Release|Any CPU.ActiveCfg = Release|Any CPU
		{32D83A19-F910-42F6-9DEC-73902DE7B92A}.Release|Any CPU.Build.0 = Release|Any CPU
		{7DEC97E1-E473-4BFA-8607-044CF496C253}.Debug|Any CPU.ActiveCfg = Debug|Any CPU
		{7DEC97E1-E473-4BFA-8607-044CF496C253}.Debug|Any CPU.Build.0 = Debug|Any CPU
		{7DEC97E1-E473-4BFA-8607-044CF496C253}.Release|Any CPU.ActiveCfg = Release|Any CPU
		{7DEC97E1-E473-4BFA-8607-044CF496C253}.Release|Any CPU.Build.0 = Release|Any CPU
		{2E0DB8B8-F8C2-4DE7-94B3-C796CA807833}.Debug|Any CPU.ActiveCfg = Debug|Any CPU
		{2E0DB8B8-F8C2-4DE7-94B3-C796CA807833}.Debug|Any CPU.Build.0 = Debug|Any CPU
		{2E0DB8B8-F8C2-4DE7-94B3-C796CA807833}.Release|Any CPU.ActiveCfg = Release|Any CPU
		{2E0DB8B8-F8C2-4DE7-94B3-C796CA807833}.Release|Any CPU.Build.0 = Release|Any CPU
		{0D8EF5FC-B614-40B5-83B5-607437D1BBE7}.Debug|Any CPU.ActiveCfg = Debug|Any CPU
		{0D8EF5FC-B614-40B5-83B5-607437D1BBE7}.Debug|Any CPU.Build.0 = Debug|Any CPU
		{0D8EF5FC-B614-40B5-83B5-607437D1BBE7}.Release|Any CPU.ActiveCfg = Release|Any CPU
		{0D8EF5FC-B614-40B5-83B5-607437D1BBE7}.Release|Any CPU.Build.0 = Release|Any CPU
		{44374C0B-6B00-445F-97C5-AA0A3F30E254}.Debug|Any CPU.ActiveCfg = Debug|Any CPU
		{44374C0B-6B00-445F-97C5-AA0A3F30E254}.Debug|Any CPU.Build.0 = Debug|Any CPU
		{44374C0B-6B00-445F-97C5-AA0A3F30E254}.Release|Any CPU.ActiveCfg = Release|Any CPU
		{44374C0B-6B00-445F-97C5-AA0A3F30E254}.Release|Any CPU.Build.0 = Release|Any CPU
		{00232CBA-3D72-4F6B-BFA5-8F185402D168}.Debug|Any CPU.ActiveCfg = Debug|Any CPU
		{00232CBA-3D72-4F6B-BFA5-8F185402D168}.Debug|Any CPU.Build.0 = Debug|Any CPU
		{00232CBA-3D72-4F6B-BFA5-8F185402D168}.Release|Any CPU.ActiveCfg = Release|Any CPU
		{00232CBA-3D72-4F6B-BFA5-8F185402D168}.Release|Any CPU.Build.0 = Release|Any CPU
		{4AAF7D2F-0C2D-4DA8-A81D-8D7008EFBA96}.Debug|Any CPU.ActiveCfg = Debug|Any CPU
		{4AAF7D2F-0C2D-4DA8-A81D-8D7008EFBA96}.Debug|Any CPU.Build.0 = Debug|Any CPU
		{4AAF7D2F-0C2D-4DA8-A81D-8D7008EFBA96}.Release|Any CPU.ActiveCfg = Release|Any CPU
		{4AAF7D2F-0C2D-4DA8-A81D-8D7008EFBA96}.Release|Any CPU.Build.0 = Release|Any CPU
		{8855D899-DA70-40E5-BA0B-DF5BC36D9D37}.Debug|Any CPU.ActiveCfg = Debug|Any CPU
		{8855D899-DA70-40E5-BA0B-DF5BC36D9D37}.Debug|Any CPU.Build.0 = Debug|Any CPU
		{8855D899-DA70-40E5-BA0B-DF5BC36D9D37}.Release|Any CPU.ActiveCfg = Release|Any CPU
		{8855D899-DA70-40E5-BA0B-DF5BC36D9D37}.Release|Any CPU.Build.0 = Release|Any CPU
		{366648BC-0003-419F-9C20-2FCD63FF4A77}.Debug|Any CPU.ActiveCfg = Debug|Any CPU
		{366648BC-0003-419F-9C20-2FCD63FF4A77}.Debug|Any CPU.Build.0 = Debug|Any CPU
		{366648BC-0003-419F-9C20-2FCD63FF4A77}.Release|Any CPU.ActiveCfg = Release|Any CPU
		{366648BC-0003-419F-9C20-2FCD63FF4A77}.Release|Any CPU.Build.0 = Release|Any CPU
		{A2003459-18D0-43BD-8CB9-CE3FA497A66B}.Debug|Any CPU.ActiveCfg = Debug|Any CPU
		{A2003459-18D0-43BD-8CB9-CE3FA497A66B}.Debug|Any CPU.Build.0 = Debug|Any CPU
		{A2003459-18D0-43BD-8CB9-CE3FA497A66B}.Release|Any CPU.ActiveCfg = Release|Any CPU
		{A2003459-18D0-43BD-8CB9-CE3FA497A66B}.Release|Any CPU.Build.0 = Release|Any CPU
	EndGlobalSection
	GlobalSection(SolutionProperties) = preSolution
		HideSolutionNode = FALSE
	EndGlobalSection
	GlobalSection(NestedProjects) = preSolution
		{986BE47B-F7EF-4FE1-A0BF-42D81D9FBC59} = {BCED0811-9E4F-4034-B297-D21311F81F98}
		{C6E71FEE-8BE0-42AF-AE03-C4523F2C1213} = {BCED0811-9E4F-4034-B297-D21311F81F98}
		{32D83A19-F910-42F6-9DEC-73902DE7B92A} = {BCED0811-9E4F-4034-B297-D21311F81F98}
		{7DEC97E1-E473-4BFA-8607-044CF496C253} = {BCED0811-9E4F-4034-B297-D21311F81F98}
		{2E0DB8B8-F8C2-4DE7-94B3-C796CA807833} = {24ECF210-FA12-4121-98DA-A18BE75219C6}
		{0D8EF5FC-B614-40B5-83B5-607437D1BBE7} = {BCED0811-9E4F-4034-B297-D21311F81F98}
		{44374C0B-6B00-445F-97C5-AA0A3F30E254} = {BCED0811-9E4F-4034-B297-D21311F81F98}
		{00232CBA-3D72-4F6B-BFA5-8F185402D168} = {BCED0811-9E4F-4034-B297-D21311F81F98}
		{4AAF7D2F-0C2D-4DA8-A81D-8D7008EFBA96} = {BCED0811-9E4F-4034-B297-D21311F81F98}
		{8855D899-DA70-40E5-BA0B-DF5BC36D9D37} = {BCED0811-9E4F-4034-B297-D21311F81F98}
		{366648BC-0003-419F-9C20-2FCD63FF4A77} = {24ECF210-FA12-4121-98DA-A18BE75219C6}
		{A2003459-18D0-43BD-8CB9-CE3FA497A66B} = {24ECF210-FA12-4121-98DA-A18BE75219C6}
	EndGlobalSection
	GlobalSection(ExtensibilityGlobals) = postSolution
		SolutionGuid = {14A0ACFA-EDC0-48D6-9C28-1EBCC3D544A5}
	EndGlobalSection
EndGlobal
